PODS:
  - AFNetworking (3.2.1):
    - AFNetworking/NSURLSession (= 3.2.1)
    - AFNetworking/Reachability (= 3.2.1)
    - AFNetworking/Security (= 3.2.1)
    - AFNetworking/Serialization (= 3.2.1)
    - AFNetworking/UIKit (= 3.2.1)
  - AFNetworking/NSURLSession (3.2.1):
    - AFNetworking/Reachability
    - AFNetworking/Security
    - AFNetworking/Serialization
  - AFNetworking/Reachability (3.2.1)
  - AFNetworking/Security (3.2.1)
  - AFNetworking/Serialization (3.2.1)
  - AFNetworking/UIKit (3.2.1):
    - AFNetworking/NSURLSession
  - AlipaySDK-iOS (15.5.9)
  - Bugly (2.5.0)
  - DZNEmptyDataSet (1.8.1)
  - EasyShowView (2.1.4):
    - EasyShowView/EasyAlert (= 2.1.4)
    - EasyShowView/EasyEmpty (= 2.1.4)
    - EasyShowView/EasyLoading (= 2.1.4)
    - EasyShowView/EasyShowUtils (= 2.1.4)
    - EasyShowView/EasyText (= 2.1.4)
  - EasyShowView/EasyAlert (2.1.4):
    - EasyShowView/EasyShowUtils
  - EasyShowView/EasyEmpty (2.1.4):
    - EasyShowView/EasyShowUtils
  - EasyShowView/EasyLoading (2.1.4):
    - EasyShowView/EasyShowUtils
  - EasyShowView/EasyShowUtils (2.1.4)
  - EasyShowView/EasyText (2.1.4):
    - EasyShowView/EasyShowUtils
  - FLAnimatedImage (1.0.12)
  - FMDB (2.7.5):
    - FMDB/standard (= 2.7.5)
  - FMDB/standard (2.7.5)
  - FSScrollContentView (1.0.9)
  - GFPageController (0.9.0)
  - HappyDNS (0.3.15)
  - IQKeyboardManager (6.2.1)
  - JCore (1.2.6)
  - JPush (3.1.2):
    - JCore (~> 1.2.6)
  - Masonry (1.1.0)
  - MBProgressHUD (1.1.0)
  - MJExtension (3.0.16)
  - MJNIndexView (0.0.1)
  - MJRefresh (3.1.16)
  - mob_sharesdk (4.2.5):
    - mob_sharesdk/ShareSDK (= 4.2.5)
    - MOBFoundation
  - mob_sharesdk/ShareSDK (4.2.5):
    - MOBFoundation
  - mob_sharesdk/ShareSDKPlatforms/QQ (4.2.5):
    - mob_sharesdk/ShareSDK
    - MOBFoundation
  - mob_sharesdk/ShareSDKPlatforms/SinaWeibo (4.2.5):
    - mob_sharesdk/ShareSDK
    - MOBFoundation
  - mob_sharesdk/ShareSDKPlatforms/WeChatFull (4.2.5):
    - mob_sharesdk/ShareSDK
    - MOBFoundation
  - mob_sharesdk/ShareSDKUI (4.2.5):
    - mob_sharesdk/ShareSDK
    - MOBFoundation
  - MOBFoundation (3.2.2)
  - PPNumberButton (0.8.0)
  - PYSearch (0.9.1)
  - Qiniu (7.2.5):
    - HappyDNS (~> 0.3)
  - QMLineSDK (3.2.1):
    - FMDB (~> 2.7.5)
    - Qiniu (~> 7.2.5)
  - RegexKitLite (4.0)
  - SAMKeychain (1.5.3)
  - SDCycleScrollView (1.80):
    - SDWebImage (>= 5.0.0)
  - SDWebImage (5.0.1):
    - SDWebImage/Core (= 5.0.1)
  - SDWebImage/Core (5.0.1)
  - SVProgressHUD (2.2.5)
  - TZImagePickerController (3.2.0)
  - UMCAnalytics (6.0.3):
    - UMCCommon
  - UMCCommon (2.0.1)
  - UMCCommonLog (1.0.0)
  - YBImageBrowser (2.1.7):
    - SDWebImage (~> 5.0.0)
    - YYImage
  - YLGIFImage (0.11)
  - YYImage (1.0.4):
    - YYImage/Core (= 1.0.4)
  - YYImage/Core (1.0.4)
  - YYText (1.0.7)

DEPENDENCIES:
  - AFNetworking
  - AlipaySDK-iOS
  - Bugly
  - DZNEmptyDataSet (~> 1.8.1)
  - EasyShowView (~> 2.1)
  - FLAnimatedImage (~> 1.0)
  - FMDB
  - FSScrollContentView
  - GFPageController
  - IQKeyboardManager
  - JPush
  - Masonry
  - MBProgressHUD
  - MJExtension
  - MJNIndexView
  - MJRefresh
  - mob_sharesdk
  - mob_sharesdk/ShareSDKPlatforms/QQ
  - mob_sharesdk/ShareSDKPlatforms/SinaWeibo
  - mob_sharesdk/ShareSDKPlatforms/WeChatFull
  - mob_sharesdk/ShareSDKUI
  - PPNumberButton
  - PYSearch
  - Qiniu
  - QMLineSDK
  - RegexKitLite (~> 4.0)
  - SAMKeychain
  - SDCycleScrollView
  - SDWebImage
  - SVProgressHUD
  - TZImagePickerController
  - UMCAnalytics
  - UMCCommon
  - UMCCommonLog
  - YBImageBrowser
  - YLGIFImage
  - YYText

SPEC REPOS:
  https://github.com/cocoapods/specs.git:
    - AFNetworking
    - AlipaySDK-iOS
    - Bugly
    - DZNEmptyDataSet
    - EasyShowView
    - FLAnimatedImage
    - FMDB
    - FSScrollContentView
    - GFPageController
    - HappyDNS
    - IQKeyboardManager
    - JCore
    - JPush
    - Masonry
    - MBProgressHUD
    - MJExtension
    - MJNIndexView
    - MJRefresh
    - mob_sharesdk
    - MOBFoundation
    - PPNumberButton
    - PYSearch
    - Qiniu
    - QMLineSDK
    - RegexKitLite
    - SAMKeychain
    - SDCycleScrollView
    - SDWebImage
    - SVProgressHUD
    - TZImagePickerController
    - UMCAnalytics
    - UMCCommon
    - UMCCommonLog
    - YBImageBrowser
    - YLGIFImage
    - YYImage
    - YYText

SPEC CHECKSUMS:
  AFNetworking: b6f891fdfaed196b46c7a83cf209e09697b94057
  AlipaySDK-iOS: 1c5283b30977a24acecc0114662697f7dc78f618
  Bugly: 3ca9f255c01025582df26f9222893b383c7e4b4e
  DZNEmptyDataSet: 9525833b9e68ac21c30253e1d3d7076cc828eaa7
  EasyShowView: ec832e175d5926baef413e2dc095fb4ec5c3add4
  FLAnimatedImage: 4a0b56255d9b05f18b6dd7ee06871be5d3b89e31
  FMDB: 2ce00b547f966261cd18927a3ddb07cb6f3db82a
  FSScrollContentView: 2fdda268eb8f1a1d4aefd470bf70702dbc346d50
  GFPageController: c9fe6e574af67a22f04b23e4f4b4a2557080d754
  HappyDNS: 00c15e651a347206e58a20503a32a5564589b56a
  IQKeyboardManager: 964638372b4a61892cc74fdfa6fd26de8c9464a2
  JCore: cae516dd2bf1a73b578ce6e1065abd49e709e0f7
  JPush: d0cead70ba223a6a3b52749899ebda830dfbc49a
  Masonry: 678fab65091a9290e40e2832a55e7ab731aad201
  MBProgressHUD: e7baa36a220447d8aeb12769bf0585582f3866d9
  MJExtension: 54dbbf6ee728f1a88e9aad904353d007831c7847
  MJNIndexView: 6186c3ea302624ed5c008dba8a178677a7523cab
  MJRefresh: 7798e16e53a5ef7f332dd05b27664db4e29530fd
  mob_sharesdk: 260b7d0d1c4cc5f95711e709012f9eafa57c9965
  MOBFoundation: b5ff4038ddb9a0f06b685b86408f905a10aa147c
  PPNumberButton: 4442ff64c21d91733057ca1b3dc05fb4df55f2c0
  PYSearch: 76dee18eea3309b60921a5d6a69390a63a5dda15
  Qiniu: 909b408ee489ea54827e9717be90b94bc9dfbc48
  QMLineSDK: a7a03780521229a95e48d5faa3bc6aac5d8ee689
  RegexKitLite: c0e4c12e6e7de0769f3a3ed679f0f61604170661
  SAMKeychain: 483e1c9f32984d50ca961e26818a534283b4cd5c
  SDCycleScrollView: b3c9a5ed840c771c4938978174c7c9d9feefeb96
  SDWebImage: 27dd2c9ea07a2252f94557c9fbb6105ee94b74c9
  SVProgressHUD: 1428aafac632c1f86f62aa4243ec12008d7a51d6
  TZImagePickerController: 7850b158d025065b162a1a963d445040b828abc9
  UMCAnalytics: ff58714ada407682c4a07548156f94bcec92f055
  UMCCommon: 0263a057a2e1ae1da4c8308541e56904a493ce13
  UMCCommonLog: 05a2d5de21858e3d870551562cff405c1366d244
  YBImageBrowser: 26bb62ae7ba7fef423085d431637d16fb58a6cbd
  YLGIFImage: c0ae132fe80e5282b2762a97d14e23ba71a748ae
  YYImage: 1e1b62a9997399593e4b9c4ecfbbabbf1d3f3b54
  YYText: 5c461d709e24d55a182d1441c41dc639a18a4849

PODFILE CHECKSUM: 8ac63d0b8e55a2fc4c7d1053aaaf4006b21a0aea

COCOAPODS: 1.5.3
